
Microsoft Visual Studio Solution File, Format Version 12.00
# Visual Studio 15
VisualStudioVersion = 15.0.26228.9
MinimumVisualStudioVersion = 10.0.40219.1
Project("{FAE04EC0-301F-11D3-BF4B-00C04F79EFBC}") = "Dream", "Dream\Dream.csproj", "{56B3FB71-3A43-4D1E-8B3D-EBAF799D13BF}"
EndProject
Global
	GlobalSection(SolutionConfigurationPlatforms) = preSolution
		Debug|Any CPU = Debug|Any CPU
		Release|Any CPU = Release|Any CPU
	EndGlobalSection
	GlobalSection(ProjectConfigurationPlatforms) = postSolution
		{56B3FB71-3A43-4D1E-8B3D-EBAF799D13BF}.Debug|Any CPU.ActiveCfg = Debug|Any CPU
		{56B3FB71-3A43-4D1E-8B3D-EBAF799D13BF}.Debug|Any CPU.Build.0 = Debug|Any CPU
		{56B3FB71-3A43-4D1E-8B3D-EBAF799D13BF}.Release|Any CPU.ActiveCfg = Release|Any CPU
		{56B3FB71-3A43-4D1E-8B3D-EBAF799D13BF}.Release|Any CPU.Build.0 = Release|Any CPU
	EndGlobalSection
	GlobalSection(SolutionProperties) = preSolution
		HideSolutionNode = FALSE
	EndGlobalSection
EndGlobal
